# THIS IS AN AUTOGENERATED FILE. DO NOT EDIT THIS FILE DIRECTLY.
# yarn lockfile v1


"@rush-temp/a-package@file:./projects/a-package.tgz":
  version "0.0.0"
  resolved "file:./projects/a-package.tgz#0f479d8fc11bd676ff00bb33660f98f04ed89eaa"

"@rush-temp/b-package@file:./projects/b-package.tgz":
  version "0.0.0"
  resolved "file:./projects/b-package.tgz#5b8ba8d8d698d5e491525f0d3de7f5920564f946"
